
Microsoft Visual Studio Solution File, Format Version 12.00
# Visual Studio Version 17
VisualStudioVersion = 17.0.31912.275
MinimumVisualStudioVersion = 10.0.40219.1
Project("{FAE04EC0-301F-11D3-BF4B-00C04F79EFBC}") = "WarehouseCRUD", "WarehouseCRUD\WarehouseCRUD.csproj", "{42CB723B-071C-4A16-9B6F-76F758F0988E}"
EndProject
Global
	GlobalSection(SolutionConfigurationPlatforms) = preSolution
		Debug|Any CPU = Debug|Any CPU
		Release|Any CPU = Release|Any CPU
	EndGlobalSection
	GlobalSection(ProjectConfigurationPlatforms) = postSolution
		{42CB723B-071C-4A16-9B6F-76F758F0988E}.Debug|Any CPU.ActiveCfg = Debug|Any CPU
		{42CB723B-071C-4A16-9B6F-76F758F0988E}.Debug|Any CPU.Build.0 = Debug|Any CPU
		{42CB723B-071C-4A16-9B6F-76F758F0988E}.Release|Any CPU.ActiveCfg = Release|Any CPU
		{42CB723B-071C-4A16-9B6F-76F758F0988E}.Release|Any CPU.Build.0 = Release|Any CPU
	EndGlobalSection
	GlobalSection(SolutionProperties) = preSolution
		HideSolutionNode = FALSE
	EndGlobalSection
	GlobalSection(ExtensibilityGlobals) = postSolution
		SolutionGuid = {D8569C77-0109-4340-8D41-6824B6260469}
	EndGlobalSection
EndGlobal
